
Microsoft Visual Studio Solution File, Format Version 12.00
# Visual Studio 15
VisualStudioVersion = 15.0.27130.2010
MinimumVisualStudioVersion = 10.0.40219.1
Project("{FAE04EC0-301F-11D3-BF4B-00C04F79EFBC}") = "SingleTransaction", "BlockChain\SingleTransaction.csproj", "{88EFA898-61D9-479C-B83D-B8E2AC4898FB}"
EndProject
Project("{FAE04EC0-301F-11D3-BF4B-00C04F79EFBC}") = "ProofOfWork", "ProofOfWork\ProofOfWork.csproj", "{863C5F18-3A41-486B-9184-C05A39B8A7D2}"
EndProject
Project("{FAE04EC0-301F-11D3-BF4B-00C04F79EFBC}") = "MultipleTransaction", "MultipleTransaction\MultipleTransaction.csproj", "{7D7E0984-920A-4BB4-A4FB-0CEEA7CEE61E}"
EndProject
Project("{FAE04EC0-301F-11D3-BF4B-00C04F79EFBC}") = "TransactionPool", "TransactionPool\TransactionPool.csproj", "{7A74292A-7668-41B9-A7F9-A8DB9A62CDE3}"
EndProject
Project("{FAE04EC0-301F-11D3-BF4B-00C04F79EFBC}") = "TransactionPoolPOW", "TransactionPoolPOW\TransactionPoolPOW.csproj", "{63F82767-B36B-45DA-8F00-F3EF8648DAE2}"
EndProject
Global
	GlobalSection(SolutionConfigurationPlatforms) = preSolution
		Debug|Any CPU = Debug|Any CPU
		Release|Any CPU = Release|Any CPU
	EndGlobalSection
	GlobalSection(ProjectConfigurationPlatforms) = postSolution
		{88EFA898-61D9-479C-B83D-B8E2AC4898FB}.Debug|Any CPU.ActiveCfg = Debug|Any CPU
		{88EFA898-61D9-479C-B83D-B8E2AC4898FB}.Debug|Any CPU.Build.0 = Debug|Any CPU
		{88EFA898-61D9-479C-B83D-B8E2AC4898FB}.Release|Any CPU.ActiveCfg = Release|Any CPU
		{88EFA898-61D9-479C-B83D-B8E2AC4898FB}.Release|Any CPU.Build.0 = Release|Any CPU
		{863C5F18-3A41-486B-9184-C05A39B8A7D2}.Debug|Any CPU.ActiveCfg = Debug|Any CPU
		{863C5F18-3A41-486B-9184-C05A39B8A7D2}.Debug|Any CPU.Build.0 = Debug|Any CPU
		{863C5F18-3A41-486B-9184-C05A39B8A7D2}.Release|Any CPU.ActiveCfg = Release|Any CPU
		{863C5F18-3A41-486B-9184-C05A39B8A7D2}.Release|Any CPU.Build.0 = Release|Any CPU
		{7D7E0984-920A-4BB4-A4FB-0CEEA7CEE61E}.Debug|Any CPU.ActiveCfg = Debug|Any CPU
		{7D7E0984-920A-4BB4-A4FB-0CEEA7CEE61E}.Debug|Any CPU.Build.0 = Debug|Any CPU
		{7D7E0984-920A-4BB4-A4FB-0CEEA7CEE61E}.Release|Any CPU.ActiveCfg = Release|Any CPU
		{7D7E0984-920A-4BB4-A4FB-0CEEA7CEE61E}.Release|Any CPU.Build.0 = Release|Any CPU
		{7A74292A-7668-41B9-A7F9-A8DB9A62CDE3}.Debug|Any CPU.ActiveCfg = Debug|Any CPU
		{7A74292A-7668-41B9-A7F9-A8DB9A62CDE3}.Debug|Any CPU.Build.0 = Debug|Any CPU
		{7A74292A-7668-41B9-A7F9-A8DB9A62CDE3}.Release|Any CPU.ActiveCfg = Release|Any CPU
		{7A74292A-7668-41B9-A7F9-A8DB9A62CDE3}.Release|Any CPU.Build.0 = Release|Any CPU
		{63F82767-B36B-45DA-8F00-F3EF8648DAE2}.Debug|Any CPU.ActiveCfg = Debug|Any CPU
		{63F82767-B36B-45DA-8F00-F3EF8648DAE2}.Debug|Any CPU.Build.0 = Debug|Any CPU
		{63F82767-B36B-45DA-8F00-F3EF8648DAE2}.Release|Any CPU.ActiveCfg = Release|Any CPU
		{63F82767-B36B-45DA-8F00-F3EF8648DAE2}.Release|Any CPU.Build.0 = Release|Any CPU
	EndGlobalSection
	GlobalSection(SolutionProperties) = preSolution
		HideSolutionNode = FALSE
	EndGlobalSection
	GlobalSection(ExtensibilityGlobals) = postSolution
		SolutionGuid = {94C51BF4-503B-4D6E-8DDA-2AB6E9F12A44}
	EndGlobalSection
EndGlobal
